{
	"name": "vscode-arcaea-file-format",
	"version": "0.11.2",
	"lockfileVersion": 2,
	"requires": true,
	"packages": {
		"": {
			"name": "vscode-arcaea-file-format",
			"version": "0.11.2",
			"hasInstallScript": true,
			"license": "MIT",
			"devDependencies": {
				"@types/node": "^14.14.37",
				"typescript": "^4.2.0"
			},
			"engines": {
				"vscode": "^1.45.1"
			}
		},
		"node_modules/@types/node": {
			"version": "14.18.23",
			"resolved": "https://registry.npmjs.org/@types/node/-/node-14.18.23.tgz",
			"integrity": "sha512-MhbCWN18R4GhO8ewQWAFK4TGQdBpXWByukz7cWyJmXhvRuCIaM/oWytGPqVmDzgEnnaIc9ss6HbU5mUi+vyZPA==",
			"dev": true
		},
		"node_modules/typescript": {
			"version": "4.7.4",
			"resolved": "https://registry.npmjs.org/typescript/-/typescript-4.7.4.tgz",
			"integrity": "sha512-C0WQT0gezHuw6AdY1M2jxUO83Rjf0HP7Sk1DtXj6j1EwkQNZrHAg2XPWlq62oqEhYvONq5pkC2Y9oPljWToLmQ==",
			"dev": true,
			"bin": {
				"tsc": "bin/tsc",
				"tsserver": "bin/tsserver"
			},
			"engines": {
				"node": ">=4.2.0"
			}
		}
	},
	"dependencies": {
		"@types/node": {
			"version": "14.18.23",
			"resolved": "https://registry.npmjs.org/@types/node/-/node-14.18.23.tgz",
			"integrity": "sha512-MhbCWN18R4GhO8ewQWAFK4TGQdBpXWByukz7cWyJmXhvRuCIaM/oWytGPqVmDzgEnnaIc9ss6HbU5mUi+vyZPA==",
			"dev": true
		},
		"typescript": {
			"version": "4.7.4",
			"resolved": "https://registry.npmjs.org/typescript/-/typescript-4.7.4.tgz",
			"integrity": "sha512-C0WQT0gezHuw6AdY1M2jxUO83Rjf0HP7Sk1DtXj6j1EwkQNZrHAg2XPWlq62oqEhYvONq5pkC2Y9oPljWToLmQ==",
			"dev": true
		}
	}
}
